{
  "name": "DEQSpills",
  "version": "2.7.0",
  "lockfileVersion": 1,
  "requires": true,
  "dependencies": {
    "align-text": {
      "version": "0.1.4",
      "resolved": "https://registry.npmjs.org/align-text/-/align-text-0.1.4.tgz",
      "integrity": "sha1-DNkKVhCT810KmSVsIrcGlDP60Rc=",
      "dev": true,
      "requires": {
        "kind-of": "^3.0.2",
        "longest": "^1.0.1",
        "repeat-string": "^1.5.2"
      }
    },
    "cache-breaker": {
      "version": "0.0.4",
      "resolved": "https://registry.npmjs.org/cache-breaker/-/cache-breaker-0.0.4.tgz",
      "integrity": "sha1-6yqj+9fXJSvrgYExjmHyWYPQdeU=",
      "dev": true,
      "requires": {
        "lodash": "2.2.1"
      },
      "dependencies": {
        "lodash": {
          "version": "2.2.1",
          "resolved": "https://registry.npmjs.org/lodash/-/lodash-2.2.1.tgz",
          "integrity": "sha1-ypNf0UqzwMhyq6zxmLnNpQFECGc=",
          "dev": true
        }
      }
    },
    "center-align": {
      "version": "0.1.3",
      "resolved": "https://registry.npmjs.org/center-align/-/center-align-0.1.3.tgz",
      "integrity": "sha1-qg0yYptu6XIgBBHL1EYckHvCt60=",
      "dev": true,
      "requires": {
        "align-text": "^0.1.3",
        "lazy-cache": "^1.0.3"
      }
    },
    "cliui": {
      "version": "2.1.0",
      "resolved": "https://registry.npmjs.org/cliui/-/cliui-2.1.0.tgz",
      "integrity": "sha1-S0dXYP+AJkx2LDoXGQMukcf+oNE=",
      "dev": true,
      "requires": {
        "center-align": "^0.1.1",
        "right-align": "^0.1.1",
        "wordwrap": "0.0.2"
      },
      "dependencies": {
        "wordwrap": {
          "version": "0.0.2",
          "resolved": "https://registry.npmjs.org/wordwrap/-/wordwrap-0.0.2.tgz",
          "integrity": "sha1-t5Zpu0LstAn4PVg8rVLKF+qhZD8=",
          "dev": true
        }
      }
    },
    "decamelize": {
      "version": "1.2.0",
      "resolved": "https://registry.npmjs.org/decamelize/-/decamelize-1.2.0.tgz",
      "integrity": "sha1-9lNNFRSCabIDUue+4m9QH5oZEpA=",
      "dev": true
    },
    "grunt": {
      "version": "1.0.1",
      "resolved": "https://registry.npmjs.org/grunt/-/grunt-1.0.1.tgz",
      "integrity": "sha1-6HeHZOlEsY8yuw8QuQeEdcnftWs=",
      "dev": true,
      "dependencies": {
        "grunt-cli": {
          "version": "1.2.0",
          "resolved": "https://registry.npmjs.org/grunt-cli/-/grunt-cli-1.2.0.tgz",
          "integrity": "sha1-VisRnrsGndtGSs4oRVAb6Xs1tqg="
        }
      }
    },
    "grunt-bump": {
      "version": "0.8.0",
      "resolved": "https://registry.npmjs.org/grunt-bump/-/grunt-bump-0.8.0.tgz",
      "integrity": "sha1-0//gzzzws44JYHt4U49CpTHq/lU=",
      "dev": true
    },
    "grunt-cache-breaker": {
      "version": "2.0.1",
      "resolved": "https://registry.npmjs.org/grunt-cache-breaker/-/grunt-cache-breaker-2.0.1.tgz",
      "integrity": "sha1-+TFZl5vjK0xR6cRTdJc9PnlHlWM=",
      "dev": true,
      "requires": {
        "cache-breaker": "0.0.4",
        "lodash.clonedeep": "^3.0.2"
      },
      "dependencies": {
        "lodash.clonedeep": {
          "version": "3.0.2",
          "resolved": "https://registry.npmjs.org/lodash.clonedeep/-/lodash.clonedeep-3.0.2.tgz",
          "integrity": "sha1-oKHkDYKl6on/WxR7hETtY9koJ9s=",
          "dev": true,
          "requires": {
            "lodash._baseclone": "^3.0.0",
            "lodash._bindcallback": "^3.0.0"
          }
        }
      }
    },
    "grunt-contrib-clean": {
      "version": "1.1.0",
      "resolved": "https://registry.npmjs.org/grunt-contrib-clean/-/grunt-contrib-clean-1.1.0.tgz",
      "integrity": "sha1-Vkq/LQN4qYOhW54/MO51tzjEBjg=",
      "dev": true,
      "dependencies": {
        "rimraf": {
          "version": "2.6.1",
          "resolved": "https://registry.npmjs.org/rimraf/-/rimraf-2.6.1.tgz",
          "integrity": "sha1-wjOOxkPfeht/5cVPqG9XQopV8z0="
        }
      }
    },
    "grunt-contrib-compress": {
      "version": "1.4.3",
      "resolved": "https://registry.npmjs.org/grunt-contrib-compress/-/grunt-contrib-compress-1.4.3.tgz",
      "integrity": "sha1-Ac7/ucY39S5wgfRjdQmD0KOw+nM=",
      "dev": true,
      "dependencies": {
        "lodash": {
          "version": "4.17.4",
          "resolved": "https://registry.npmjs.org/lodash/-/lodash-4.17.4.tgz",
          "integrity": "sha1-eCA6TRwyiuHYbcpkYONptX9AVa4="
        }
      }
    },
    "grunt-contrib-connect": {
      "version": "1.0.2",
      "resolved": "https://registry.npmjs.org/grunt-contrib-connect/-/grunt-contrib-connect-1.0.2.tgz",
      "integrity": "sha1-XPkzuRpnOGBEJzwLJERgPNmIebo=",
      "dev": true
    },
    "grunt-contrib-copy": {
      "version": "1.0.0",
      "resolved": "https://registry.npmjs.org/grunt-contrib-copy/-/grunt-contrib-copy-1.0.0.tgz",
      "integrity": "sha1-cGDGWB6QS4qw0A8HbgqPbj58NXM=",
      "dev": true
    },
    "grunt-contrib-imagemin": {
      "version": "1.0.1",
      "resolved": "https://registry.npmjs.org/grunt-contrib-imagemin/-/grunt-contrib-imagemin-1.0.1.tgz",
      "integrity": "sha1-5Ho1YTN29MqpwfkERlA8rhyUTXk=",
      "dev": true,
      "dependencies": {
        "pretty-bytes": {
          "version": "3.0.1",
          "resolved": "https://registry.npmjs.org/pretty-bytes/-/pretty-bytes-3.0.1.tgz",
          "integrity": "sha1-J9AAjXeAY6C0gRuzXHnxvV1fvM8="
        }
      }
    },
    "grunt-contrib-jasmine": {
      "version": "1.1.0",
      "resolved": "https://registry.npmjs.org/grunt-contrib-jasmine/-/grunt-contrib-jasmine-1.1.0.tgz",
      "integrity": "sha1-9oL3dX2il3Wf4+G0xl1GcMw66kk=",
      "dev": true,
      "dependencies": {
        "lodash": {
          "version": "2.4.2",
          "resolved": "https://registry.npmjs.org/lodash/-/lodash-2.4.2.tgz",
          "integrity": "sha1-+t2DS5aDBz2hebPq5tnA0VBT9z4="
        }
      }
    },
    "grunt-contrib-watch": {
      "version": "1.0.0",
      "resolved": "https://registry.npmjs.org/grunt-contrib-watch/-/grunt-contrib-watch-1.0.0.tgz",
      "integrity": "sha1-hKGnodar0m7VaEE0lscxM+mQAY8=",
      "dev": true
    },
    "grunt-dojo": {
      "version": "1.1.2",
      "resolved": "https://registry.npmjs.org/grunt-dojo/-/grunt-dojo-1.1.2.tgz",
      "integrity": "sha1-nU4OLfEkjBvR+3OeXFK9FkJunVo=",
      "dev": true
    },
    "grunt-eslint": {
      "version": "19.0.0",
      "resolved": "https://registry.npmjs.org/grunt-eslint/-/grunt-eslint-19.0.0.tgz",
      "integrity": "sha1-u3TDeQYVmc7B9mFp3vKonYYthhs=",
      "dev": true
    },
    "grunt-processhtml": {
      "version": "0.4.1",
      "resolved": "https://registry.npmjs.org/grunt-processhtml/-/grunt-processhtml-0.4.1.tgz",
      "integrity": "sha1-6WJL4ACRNBBkD1UPpeue3zK2/tc=",
      "dev": true
    },
    "grunt-replace": {
      "version": "1.0.1",
      "resolved": "https://registry.npmjs.org/grunt-replace/-/grunt-replace-1.0.1.tgz",
      "integrity": "sha1-kKeVMvuJBB/kJ8h9QlI4sPiGZRo=",
      "dev": true,
      "dependencies": {
        "lodash": {
          "version": "4.17.4",
          "resolved": "https://registry.npmjs.org/lodash/-/lodash-4.17.4.tgz",
          "integrity": "sha1-eCA6TRwyiuHYbcpkYONptX9AVa4="
        }
      }
    },
    "grunt-ssh": {
      "version": "0.12.9",
      "resolved": "https://registry.npmjs.org/grunt-ssh/-/grunt-ssh-0.12.9.tgz",
      "integrity": "sha1-IVUaNzmB8Ooo3HmdOKdp5UzU2QQ=",
      "dev": true
    },
    "kind-of": {
      "version": "3.2.2",
      "resolved": "https://registry.npmjs.org/kind-of/-/kind-of-3.2.2.tgz",
      "integrity": "sha1-MeohpzS6ubuw8yRm2JOupR5KPGQ=",
      "dev": true
    },
    "lazy-cache": {
      "version": "1.0.4",
      "resolved": "https://registry.npmjs.org/lazy-cache/-/lazy-cache-1.0.4.tgz",
      "integrity": "sha1-odePw6UEdMuAhF07O24dpJpEbo4=",
      "dev": true
    },
    "load-grunt-tasks": {
      "version": "3.5.2",
      "resolved": "https://registry.npmjs.org/load-grunt-tasks/-/load-grunt-tasks-3.5.2.tgz",
      "integrity": "sha1-ByhWEYD9IP+KaSdQWFL8WKrqDIg=",
      "dev": true
    },
    "lodash._arraycopy": {
      "version": "3.0.0",
      "resolved": "https://registry.npmjs.org/lodash._arraycopy/-/lodash._arraycopy-3.0.0.tgz",
      "integrity": "sha1-due3wfH7klRzdIeKVi7Qaj5Q9uE=",
      "dev": true
    },
    "lodash._arrayeach": {
      "version": "3.0.0",
      "resolved": "https://registry.npmjs.org/lodash._arrayeach/-/lodash._arrayeach-3.0.0.tgz",
      "integrity": "sha1-urFWsqkNPxu9XGU0AzSeXlkz754=",
      "dev": true
    },
    "lodash._baseassign": {
      "version": "3.2.0",
      "resolved": "https://registry.npmjs.org/lodash._baseassign/-/lodash._baseassign-3.2.0.tgz",
      "integrity": "sha1-jDigmVAPIVrQnlnxci/QxSv+Ck4=",
      "dev": true,
      "requires": {
        "lodash._basecopy": "^3.0.0",
        "lodash.keys": "^3.0.0"
      }
    },
    "lodash._baseclone": {
      "version": "3.3.0",
      "resolved": "https://registry.npmjs.org/lodash._baseclone/-/lodash._baseclone-3.3.0.tgz",
      "integrity": "sha1-MDUZv2OT/n5C802LYw73eU41Qrc=",
      "dev": true,
      "requires": {
        "lodash._arraycopy": "^3.0.0",
        "lodash._arrayeach": "^3.0.0",
        "lodash._baseassign": "^3.0.0",
        "lodash._basefor": "^3.0.0",
        "lodash.isarray": "^3.0.0",
        "lodash.keys": "^3.0.0"
      }
    },
    "lodash._basecopy": {
      "version": "3.0.1",
      "resolved": "https://registry.npmjs.org/lodash._basecopy/-/lodash._basecopy-3.0.1.tgz",
      "integrity": "sha1-jaDmqHbPNEwK2KVIghEd08XHyjY=",
      "dev": true
    },
    "lodash._basefor": {
      "version": "3.0.3",
      "resolved": "https://registry.npmjs.org/lodash._basefor/-/lodash._basefor-3.0.3.tgz",
      "integrity": "sha1-dVC06SGO8J+tJDQ7YSAhx5tMIMI=",
      "dev": true
    },
    "lodash._bindcallback": {
      "version": "3.0.1",
      "resolved": "https://registry.npmjs.org/lodash._bindcallback/-/lodash._bindcallback-3.0.1.tgz",
      "integrity": "sha1-5THCdkTPi1epnhftlbNcdIeJOS4=",
      "dev": true
    },
    "lodash.isarray": {
      "version": "3.0.4",
      "resolved": "https://registry.npmjs.org/lodash.isarray/-/lodash.isarray-3.0.4.tgz",
      "integrity": "sha1-eeTriMNqgSKvhvhEqpvNhRtfu1U=",
      "dev": true
    },
    "lodash.keys": {
      "version": "3.1.2",
      "resolved": "https://registry.npmjs.org/lodash.keys/-/lodash.keys-3.1.2.tgz",
      "integrity": "sha1-TbwEcrFWvlCgsoaFXRvQsMZWCYo=",
      "dev": true
    },
    "longest": {
      "version": "1.0.1",
      "resolved": "https://registry.npmjs.org/longest/-/longest-1.0.1.tgz",
      "integrity": "sha1-MKCy2jj3N3DoKUoNIuZiXtd9AJc=",
      "dev": true
    },
    "repeat-string": {
      "version": "1.6.1",
      "resolved": "https://registry.npmjs.org/repeat-string/-/repeat-string-1.6.1.tgz",
      "integrity": "sha1-jcrkcOHIirwtYA//Sndihtp15jc=",
      "dev": true
    },
    "right-align": {
      "version": "0.1.3",
      "resolved": "https://registry.npmjs.org/right-align/-/right-align-0.1.3.tgz",
      "integrity": "sha1-YTObci/mo1FWiSENJOFMlhSGE+8=",
      "dev": true,
      "requires": {
        "align-text": "^0.1.1"
      }
    },
    "source-map": {
      "version": "0.5.6",
      "resolved": "https://registry.npmjs.org/source-map/-/source-map-0.5.6.tgz",
      "integrity": "sha1-dc449SvwczxafwwRjYEzSiu19BI=",
      "dev": true
    },
    "uglify-js": {
      "version": "2.8.29",
      "resolved": "https://registry.npmjs.org/uglify-js/-/uglify-js-2.8.29.tgz",
      "integrity": "sha1-KcVzMUgFe7Th913zW3qcty5qWd0=",
      "dev": true,
      "requires": {
        "source-map": "~0.5.1",
        "uglify-to-browserify": "~1.0.0",
        "yargs": "~3.10.0"
      }
    },
    "uglify-to-browserify": {
      "version": "1.0.2",
      "resolved": "https://registry.npmjs.org/uglify-to-browserify/-/uglify-to-browserify-1.0.2.tgz",
      "integrity": "sha1-bgkk1r2mta/jSeOabWMoUKD4grc=",
      "dev": true,
      "optional": true
    },
    "window-size": {
      "version": "0.1.0",
      "resolved": "https://registry.npmjs.org/window-size/-/window-size-0.1.0.tgz",
      "integrity": "sha1-VDjNLqk7IC76Ohn+iIeu58lPnJ0=",
      "dev": true
    },
    "yargs": {
      "version": "3.10.0",
      "resolved": "https://registry.npmjs.org/yargs/-/yargs-3.10.0.tgz",
      "integrity": "sha1-9+572FfdfB0tOMDnTvvWgdFDH9E=",
      "dev": true,
      "requires": {
        "camelcase": "^1.0.2",
        "cliui": "^2.1.0",
        "decamelize": "^1.0.0",
        "window-size": "0.1.0"
      },
      "dependencies": {
        "camelcase": {
          "version": "1.2.1",
          "resolved": "https://registry.npmjs.org/camelcase/-/camelcase-1.2.1.tgz",
          "integrity": "sha1-m7UwTS4LVmmLLHWLCKPqqdqlijk=",
          "dev": true
        }
      }
    }
  }
}
